
Microsoft Visual Studio Solution File, Format Version 12.00
# Visual Studio Version 17
VisualStudioVersion = 17.0.31903.59
MinimumVisualStudioVersion = 10.0.40219.1
Project("{9A19103F-16F7-4668-BE54-9A1E7A4F7556}") = "Web.API", "src\Web.API\Web.API.csproj", "{5C33BA95-B11E-4C99-9253-CDF2A0884DE3}"
EndProject
Project("{9A19103F-16F7-4668-BE54-9A1E7A4F7556}") = "Application", "src\Application\Application.csproj", "{DF733841-29B9-485A-956F-7AB7E75E2881}"
EndProject
Project("{9A19103F-16F7-4668-BE54-9A1E7A4F7556}") = "Infrastructure", "src\Infrastructure\Infrastructure.csproj", "{E391B656-62F8-4C57-834D-6DBE69B315A3}"
EndProject
Project("{9A19103F-16F7-4668-BE54-9A1E7A4F7556}") = "Domain", "src\Domain\Domain.csproj", "{E5D60DC2-6EB8-4591-BAED-A252BC9BA6A2}"
EndProject
Project("{2150E333-8FDC-42A3-9474-1A3956D46DE8}") = "tests", "tests", "{6440AF03-89E6-4E68-94D2-34BB13EB7815}"
EndProject
Project("{2150E333-8FDC-42A3-9474-1A3956D46DE8}") = "UnitTests", "UnitTests", "{6278CEBA-5E8E-4AD4-AA9A-1A56BBF26144}"
EndProject
Project("{9A19103F-16F7-4668-BE54-9A1E7A4F7556}") = "Application.Payments.UnitTest", "tests\UnitTests\Application.Payments.UnitTest\Application.Payments.UnitTest.csproj", "{269C1038-770F-4E03-B1A7-8A33D72A8EC1}"
EndProject
Project("{9A19103F-16F7-4668-BE54-9A1E7A4F7556}") = "Application.Courses.UnitTest", "tests\UnitTests\Application.Courses.UnitTest\Application.Courses.UnitTest.csproj", "{2DBB7FB9-6020-4FFF-BA9F-939FF2F00E80}"
EndProject
Project("{9A19103F-16F7-4668-BE54-9A1E7A4F7556}") = "Application.Enrollments.UnitTest", "tests\UnitTests\Application.Enrrolments.UnitTest\Application.Enrollments.UnitTest.csproj", "{C35BAFDE-0FC7-4135-B19C-CC46EB629BD0}"
EndProject
Project("{9A19103F-16F7-4668-BE54-9A1E7A4F7556}") = "Application.Students.UnitTest", "tests\UnitTests\Application.Students.UnitTests\Application.Students.UnitTest.csproj", "{FB8F2CBA-31A0-4E0C-BD70-F9822F87E901}"
EndProject
Project("{2150E333-8FDC-42A3-9474-1A3956D46DE8}") = "EndToEndTests", "EndToEndTests", "{952E9B88-9EDB-4641-9234-8A406203BC8D}"
EndProject
Project("{9A19103F-16F7-4668-BE54-9A1E7A4F7556}") = "Application.Students.EndToEndTest", "tests\EndToEndTests\Application.Students.EndToEndTest\Application.Students.EndToEndTest.csproj", "{A316C94D-8920-4904-BF59-D2027B596121}"
EndProject
Global
	GlobalSection(SolutionConfigurationPlatforms) = preSolution
		Debug|Any CPU = Debug|Any CPU
		Release|Any CPU = Release|Any CPU
	EndGlobalSection
	GlobalSection(ProjectConfigurationPlatforms) = postSolution
		{5C33BA95-B11E-4C99-9253-CDF2A0884DE3}.Debug|Any CPU.ActiveCfg = Debug|Any CPU
		{5C33BA95-B11E-4C99-9253-CDF2A0884DE3}.Debug|Any CPU.Build.0 = Debug|Any CPU
		{5C33BA95-B11E-4C99-9253-CDF2A0884DE3}.Release|Any CPU.ActiveCfg = Release|Any CPU
		{5C33BA95-B11E-4C99-9253-CDF2A0884DE3}.Release|Any CPU.Build.0 = Release|Any CPU
		{DF733841-29B9-485A-956F-7AB7E75E2881}.Debug|Any CPU.ActiveCfg = Debug|Any CPU
		{DF733841-29B9-485A-956F-7AB7E75E2881}.Debug|Any CPU.Build.0 = Debug|Any CPU
		{DF733841-29B9-485A-956F-7AB7E75E2881}.Release|Any CPU.ActiveCfg = Release|Any CPU
		{DF733841-29B9-485A-956F-7AB7E75E2881}.Release|Any CPU.Build.0 = Release|Any CPU
		{E391B656-62F8-4C57-834D-6DBE69B315A3}.Debug|Any CPU.ActiveCfg = Debug|Any CPU
		{E391B656-62F8-4C57-834D-6DBE69B315A3}.Debug|Any CPU.Build.0 = Debug|Any CPU
		{E391B656-62F8-4C57-834D-6DBE69B315A3}.Release|Any CPU.ActiveCfg = Release|Any CPU
		{E391B656-62F8-4C57-834D-6DBE69B315A3}.Release|Any CPU.Build.0 = Release|Any CPU
		{E5D60DC2-6EB8-4591-BAED-A252BC9BA6A2}.Debug|Any CPU.ActiveCfg = Debug|Any CPU
		{E5D60DC2-6EB8-4591-BAED-A252BC9BA6A2}.Debug|Any CPU.Build.0 = Debug|Any CPU
		{E5D60DC2-6EB8-4591-BAED-A252BC9BA6A2}.Release|Any CPU.ActiveCfg = Release|Any CPU
		{E5D60DC2-6EB8-4591-BAED-A252BC9BA6A2}.Release|Any CPU.Build.0 = Release|Any CPU
		{269C1038-770F-4E03-B1A7-8A33D72A8EC1}.Debug|Any CPU.ActiveCfg = Debug|Any CPU
		{269C1038-770F-4E03-B1A7-8A33D72A8EC1}.Debug|Any CPU.Build.0 = Debug|Any CPU
		{269C1038-770F-4E03-B1A7-8A33D72A8EC1}.Release|Any CPU.ActiveCfg = Release|Any CPU
		{269C1038-770F-4E03-B1A7-8A33D72A8EC1}.Release|Any CPU.Build.0 = Release|Any CPU
		{2DBB7FB9-6020-4FFF-BA9F-939FF2F00E80}.Debug|Any CPU.ActiveCfg = Debug|Any CPU
		{2DBB7FB9-6020-4FFF-BA9F-939FF2F00E80}.Debug|Any CPU.Build.0 = Debug|Any CPU
		{2DBB7FB9-6020-4FFF-BA9F-939FF2F00E80}.Release|Any CPU.ActiveCfg = Release|Any CPU
		{2DBB7FB9-6020-4FFF-BA9F-939FF2F00E80}.Release|Any CPU.Build.0 = Release|Any CPU
		{C35BAFDE-0FC7-4135-B19C-CC46EB629BD0}.Debug|Any CPU.ActiveCfg = Debug|Any CPU
		{C35BAFDE-0FC7-4135-B19C-CC46EB629BD0}.Debug|Any CPU.Build.0 = Debug|Any CPU
		{C35BAFDE-0FC7-4135-B19C-CC46EB629BD0}.Release|Any CPU.ActiveCfg = Release|Any CPU
		{C35BAFDE-0FC7-4135-B19C-CC46EB629BD0}.Release|Any CPU.Build.0 = Release|Any CPU
		{FB8F2CBA-31A0-4E0C-BD70-F9822F87E901}.Debug|Any CPU.ActiveCfg = Debug|Any CPU
		{FB8F2CBA-31A0-4E0C-BD70-F9822F87E901}.Debug|Any CPU.Build.0 = Debug|Any CPU
		{FB8F2CBA-31A0-4E0C-BD70-F9822F87E901}.Release|Any CPU.ActiveCfg = Release|Any CPU
		{FB8F2CBA-31A0-4E0C-BD70-F9822F87E901}.Release|Any CPU.Build.0 = Release|Any CPU
		{A316C94D-8920-4904-BF59-D2027B596121}.Debug|Any CPU.ActiveCfg = Debug|Any CPU
		{A316C94D-8920-4904-BF59-D2027B596121}.Debug|Any CPU.Build.0 = Debug|Any CPU
		{A316C94D-8920-4904-BF59-D2027B596121}.Release|Any CPU.ActiveCfg = Release|Any CPU
		{A316C94D-8920-4904-BF59-D2027B596121}.Release|Any CPU.Build.0 = Release|Any CPU
	EndGlobalSection
	GlobalSection(SolutionProperties) = preSolution
		HideSolutionNode = FALSE
	EndGlobalSection
	GlobalSection(NestedProjects) = preSolution
		{6278CEBA-5E8E-4AD4-AA9A-1A56BBF26144} = {6440AF03-89E6-4E68-94D2-34BB13EB7815}
		{269C1038-770F-4E03-B1A7-8A33D72A8EC1} = {6278CEBA-5E8E-4AD4-AA9A-1A56BBF26144}
		{2DBB7FB9-6020-4FFF-BA9F-939FF2F00E80} = {6278CEBA-5E8E-4AD4-AA9A-1A56BBF26144}
		{C35BAFDE-0FC7-4135-B19C-CC46EB629BD0} = {6278CEBA-5E8E-4AD4-AA9A-1A56BBF26144}
		{FB8F2CBA-31A0-4E0C-BD70-F9822F87E901} = {6278CEBA-5E8E-4AD4-AA9A-1A56BBF26144}
		{952E9B88-9EDB-4641-9234-8A406203BC8D} = {6440AF03-89E6-4E68-94D2-34BB13EB7815}
		{A316C94D-8920-4904-BF59-D2027B596121} = {952E9B88-9EDB-4641-9234-8A406203BC8D}
	EndGlobalSection
	GlobalSection(ExtensibilityGlobals) = postSolution
		SolutionGuid = {2E3E3F65-C5A8-4DDA-8EB3-D13CFEF0C0A5}
	EndGlobalSection
EndGlobal
