
Microsoft Visual Studio Solution File, Format Version 12.00
# Visual Studio Version 17
VisualStudioVersion = 17.0.31903.59
MinimumVisualStudioVersion = 10.0.40219.1
Project("{9A19103F-16F7-4668-BE54-9A1E7A4F7556}") = "Web.API", "src\Web.API\Web.API.csproj", "{5C33BA95-B11E-4C99-9253-CDF2A0884DE3}"
EndProject
Project("{9A19103F-16F7-4668-BE54-9A1E7A4F7556}") = "Application", "src\Application\Application.csproj", "{DF733841-29B9-485A-956F-7AB7E75E2881}"
EndProject
Project("{9A19103F-16F7-4668-BE54-9A1E7A4F7556}") = "Infrastructure", "src\Infrastructure\Infrastructure.csproj", "{E391B656-62F8-4C57-834D-6DBE69B315A3}"
EndProject
Project("{9A19103F-16F7-4668-BE54-9A1E7A4F7556}") = "Domain", "src\Domain\Domain.csproj", "{E5D60DC2-6EB8-4591-BAED-A252BC9BA6A2}"
EndProject
Project("{2150E333-8FDC-42A3-9474-1A3956D46DE8}") = "tests", "tests", "{6440AF03-89E6-4E68-94D2-34BB13EB7815}"
EndProject
Project("{2150E333-8FDC-42A3-9474-1A3956D46DE8}") = "UnitTests", "UnitTests", "{6278CEBA-5E8E-4AD4-AA9A-1A56BBF26144}"
EndProject
Project("{9A19103F-16F7-4668-BE54-9A1E7A4F7556}") = "Application.Students.UnitTest", "tests\UnitTests\Application.Customers.UnitTests\Application.Students.UnitTest.csproj", "{139320DB-A42F-4284-B10E-B87644C25EA2}"
EndProject
Project("{9A19103F-16F7-4668-BE54-9A1E7A4F7556}") = "Application.Courses.UnitTest", "Application.Courses.UnitTest\Application.Courses.UnitTest.csproj", "{AD835AA6-8E9B-4C0A-8FC9-22F10E655628}"
EndProject
Project("{9A19103F-16F7-4668-BE54-9A1E7A4F7556}") = "Application.Payments.UnitTest", "Application.MakePayments.UnitTest\Application.Payments.UnitTest.csproj", "{3414DF0A-51E7-4A36-8920-2F054F84ED58}"
EndProject
Project("{FAE04EC0-301F-11D3-BF4B-00C04F79EFBC}") = "Application.Enrollments.UnitTest", "Application.Enrrolments.UnitTest\Application.Enrollments.UnitTest.csproj", "{83A3E154-F0C9-4A63-A655-16D670B51CB7}"
EndProject
Global
	GlobalSection(SolutionConfigurationPlatforms) = preSolution
		Debug|Any CPU = Debug|Any CPU
		Release|Any CPU = Release|Any CPU
	EndGlobalSection
	GlobalSection(ProjectConfigurationPlatforms) = postSolution
		{5C33BA95-B11E-4C99-9253-CDF2A0884DE3}.Debug|Any CPU.ActiveCfg = Debug|Any CPU
		{5C33BA95-B11E-4C99-9253-CDF2A0884DE3}.Debug|Any CPU.Build.0 = Debug|Any CPU
		{5C33BA95-B11E-4C99-9253-CDF2A0884DE3}.Release|Any CPU.ActiveCfg = Release|Any CPU
		{5C33BA95-B11E-4C99-9253-CDF2A0884DE3}.Release|Any CPU.Build.0 = Release|Any CPU
		{DF733841-29B9-485A-956F-7AB7E75E2881}.Debug|Any CPU.ActiveCfg = Debug|Any CPU
		{DF733841-29B9-485A-956F-7AB7E75E2881}.Debug|Any CPU.Build.0 = Debug|Any CPU
		{DF733841-29B9-485A-956F-7AB7E75E2881}.Release|Any CPU.ActiveCfg = Release|Any CPU
		{DF733841-29B9-485A-956F-7AB7E75E2881}.Release|Any CPU.Build.0 = Release|Any CPU
		{E391B656-62F8-4C57-834D-6DBE69B315A3}.Debug|Any CPU.ActiveCfg = Debug|Any CPU
		{E391B656-62F8-4C57-834D-6DBE69B315A3}.Debug|Any CPU.Build.0 = Debug|Any CPU
		{E391B656-62F8-4C57-834D-6DBE69B315A3}.Release|Any CPU.ActiveCfg = Release|Any CPU
		{E391B656-62F8-4C57-834D-6DBE69B315A3}.Release|Any CPU.Build.0 = Release|Any CPU
		{E5D60DC2-6EB8-4591-BAED-A252BC9BA6A2}.Debug|Any CPU.ActiveCfg = Debug|Any CPU
		{E5D60DC2-6EB8-4591-BAED-A252BC9BA6A2}.Debug|Any CPU.Build.0 = Debug|Any CPU
		{E5D60DC2-6EB8-4591-BAED-A252BC9BA6A2}.Release|Any CPU.ActiveCfg = Release|Any CPU
		{E5D60DC2-6EB8-4591-BAED-A252BC9BA6A2}.Release|Any CPU.Build.0 = Release|Any CPU
		{139320DB-A42F-4284-B10E-B87644C25EA2}.Debug|Any CPU.ActiveCfg = Debug|Any CPU
		{139320DB-A42F-4284-B10E-B87644C25EA2}.Debug|Any CPU.Build.0 = Debug|Any CPU
		{139320DB-A42F-4284-B10E-B87644C25EA2}.Release|Any CPU.ActiveCfg = Release|Any CPU
		{139320DB-A42F-4284-B10E-B87644C25EA2}.Release|Any CPU.Build.0 = Release|Any CPU
		{AD835AA6-8E9B-4C0A-8FC9-22F10E655628}.Debug|Any CPU.ActiveCfg = Debug|Any CPU
		{AD835AA6-8E9B-4C0A-8FC9-22F10E655628}.Debug|Any CPU.Build.0 = Debug|Any CPU
		{AD835AA6-8E9B-4C0A-8FC9-22F10E655628}.Release|Any CPU.ActiveCfg = Release|Any CPU
		{AD835AA6-8E9B-4C0A-8FC9-22F10E655628}.Release|Any CPU.Build.0 = Release|Any CPU
		{3414DF0A-51E7-4A36-8920-2F054F84ED58}.Debug|Any CPU.ActiveCfg = Debug|Any CPU
		{3414DF0A-51E7-4A36-8920-2F054F84ED58}.Debug|Any CPU.Build.0 = Debug|Any CPU
		{3414DF0A-51E7-4A36-8920-2F054F84ED58}.Release|Any CPU.ActiveCfg = Release|Any CPU
		{3414DF0A-51E7-4A36-8920-2F054F84ED58}.Release|Any CPU.Build.0 = Release|Any CPU
		{83A3E154-F0C9-4A63-A655-16D670B51CB7}.Debug|Any CPU.ActiveCfg = Debug|Any CPU
		{83A3E154-F0C9-4A63-A655-16D670B51CB7}.Debug|Any CPU.Build.0 = Debug|Any CPU
		{83A3E154-F0C9-4A63-A655-16D670B51CB7}.Release|Any CPU.ActiveCfg = Release|Any CPU
		{83A3E154-F0C9-4A63-A655-16D670B51CB7}.Release|Any CPU.Build.0 = Release|Any CPU
	EndGlobalSection
	GlobalSection(SolutionProperties) = preSolution
		HideSolutionNode = FALSE
	EndGlobalSection
	GlobalSection(NestedProjects) = preSolution
		{6278CEBA-5E8E-4AD4-AA9A-1A56BBF26144} = {6440AF03-89E6-4E68-94D2-34BB13EB7815}
		{139320DB-A42F-4284-B10E-B87644C25EA2} = {6278CEBA-5E8E-4AD4-AA9A-1A56BBF26144}
		{AD835AA6-8E9B-4C0A-8FC9-22F10E655628} = {6278CEBA-5E8E-4AD4-AA9A-1A56BBF26144}
		{3414DF0A-51E7-4A36-8920-2F054F84ED58} = {6278CEBA-5E8E-4AD4-AA9A-1A56BBF26144}
		{83A3E154-F0C9-4A63-A655-16D670B51CB7} = {6278CEBA-5E8E-4AD4-AA9A-1A56BBF26144}
	EndGlobalSection
	GlobalSection(ExtensibilityGlobals) = postSolution
		SolutionGuid = {2E3E3F65-C5A8-4DDA-8EB3-D13CFEF0C0A5}
	EndGlobalSection
EndGlobal
